// !$*UTF8*$!
{
	archiveVersion = 1;
	classes = {
	};
	objectVersion = 50;
	objects = {

/* Begin PBXBuildFile section */
		F50C90F1222527D000DC5113 /* AVFoundation.framework in Frameworks */ = {isa = PBXBuildFile; fileRef = F50C90F0222527D000DC5113 /* AVFoundation.framework */; };
		F521EE4B2238E09C00B0BC2B /* UIKit.framework in Frameworks */ = {isa = PBXBuildFile; fileRef = F521EE4A2238E09C00B0BC2B /* UIKit.framework */; };
		F521EE4D2238E0A300B0BC2B /* Foundation.framework in Frameworks */ = {isa = PBXBuildFile; fileRef = F521EE4C2238E0A200B0BC2B /* Foundation.framework */; };
		F521EE4F2238E0AD00B0BC2B /* CoreFoundation.framework in Frameworks */ = {isa = PBXBuildFile; fileRef = F521EE4E2238E0AC00B0BC2B /* CoreFoundation.framework */; };
		F5394D2A2252F6560064AD54 /* FragransDemoView.m in Sources */ = {isa = PBXBuildFile; fileRef = F5394D292252F6560064AD54 /* FragransDemoView.m */; };
		F5394E0622548C420064AD54 /* NSString+Fragrans.m in Sources */ = {isa = PBXBuildFile; fileRef = F5394DE622548C410064AD54 /* NSString+Fragrans.m */; };
		F5394E0722548C420064AD54 /* NSData+Fragrans.m in Sources */ = {isa = PBXBuildFile; fileRef = F5394DE922548C410064AD54 /* NSData+Fragrans.m */; };
		F5394E0822548C420064AD54 /* NSBundle+Fragrans.m in Sources */ = {isa = PBXBuildFile; fileRef = F5394DEA22548C410064AD54 /* NSBundle+Fragrans.m */; };
		F5394E0922548C420064AD54 /* NSDictionary+Fragrans.m in Sources */ = {isa = PBXBuildFile; fileRef = F5394DEE22548C410064AD54 /* NSDictionary+Fragrans.m */; };
		F5394E0A22548C420064AD54 /* NSDate+Fragrans.m in Sources */ = {isa = PBXBuildFile; fileRef = F5394DEF22548C410064AD54 /* NSDate+Fragrans.m */; };
		F5394E0B22548C420064AD54 /* NSMutableDictionary+Fragrans.m in Sources */ = {isa = PBXBuildFile; fileRef = F5394DF022548C410064AD54 /* NSMutableDictionary+Fragrans.m */; };
		F5394E0C22548C420064AD54 /* UIColor+Fragrans.m in Sources */ = {isa = PBXBuildFile; fileRef = F5394DF222548C410064AD54 /* UIColor+Fragrans.m */; };
		F5394E0D22548C420064AD54 /* NSMutableString+Fragrans.m in Sources */ = {isa = PBXBuildFile; fileRef = F5394DF322548C410064AD54 /* NSMutableString+Fragrans.m */; };
		F5394E0E22548C420064AD54 /* NSObject+Fragrans.m in Sources */ = {isa = PBXBuildFile; fileRef = F5394DF422548C410064AD54 /* NSObject+Fragrans.m */; };
		F5394E0F22548C420064AD54 /* UIScreen+Fragrans.m in Sources */ = {isa = PBXBuildFile; fileRef = F5394DF722548C410064AD54 /* UIScreen+Fragrans.m */; };
		F5394E1022548C420064AD54 /* NSMutableAttributedString+Fragrans.m in Sources */ = {isa = PBXBuildFile; fileRef = F5394DF822548C410064AD54 /* NSMutableAttributedString+Fragrans.m */; };
		F5394E1122548C420064AD54 /* NSDateFormatter+Fragrans.m in Sources */ = {isa = PBXBuildFile; fileRef = F5394DFA22548C420064AD54 /* NSDateFormatter+Fragrans.m */; };
		F5394E1222548C420064AD54 /* NSMutableArray+Fragrans.m in Sources */ = {isa = PBXBuildFile; fileRef = F5394DFB22548C420064AD54 /* NSMutableArray+Fragrans.m */; };
		F5394E1322548C420064AD54 /* UIDevice+Fragrans.m in Sources */ = {isa = PBXBuildFile; fileRef = F5394DFE22548C420064AD54 /* UIDevice+Fragrans.m */; };
		F5394E1422548C420064AD54 /* UIFont+Fragrans.m in Sources */ = {isa = PBXBuildFile; fileRef = F5394E0222548C420064AD54 /* UIFont+Fragrans.m */; };
		F5394E1522548C420064AD54 /* NSArray+Fragrans.m in Sources */ = {isa = PBXBuildFile; fileRef = F5394E0522548C420064AD54 /* NSArray+Fragrans.m */; };
		F5394E2422548C5B0064AD54 /* NSNetServiceBrowser+Fragrans.m in Sources */ = {isa = PBXBuildFile; fileRef = F5394E1622548C5B0064AD54 /* NSNetServiceBrowser+Fragrans.m */; };
		F5394E2522548C5B0064AD54 /* NSURLSession+Fragrans.m in Sources */ = {isa = PBXBuildFile; fileRef = F5394E1722548C5B0064AD54 /* NSURLSession+Fragrans.m */; };
		F5394E2622548C5B0064AD54 /* NSURLRequest+Fragrans.m in Sources */ = {isa = PBXBuildFile; fileRef = F5394E1822548C5B0064AD54 /* NSURLRequest+Fragrans.m */; };
		F5394E2722548C5B0064AD54 /* NSFileManager+Fragrans.m in Sources */ = {isa = PBXBuildFile; fileRef = F5394E1D22548C5B0064AD54 /* NSFileManager+Fragrans.m */; };
		F5394E2822548C5B0064AD54 /* NSNetService+Fragrans.m in Sources */ = {isa = PBXBuildFile; fileRef = F5394E1E22548C5B0064AD54 /* NSNetService+Fragrans.m */; };
		F5394E2922548C5B0064AD54 /* CALayer+Fragrans.m in Sources */ = {isa = PBXBuildFile; fileRef = F5394E1F22548C5B0064AD54 /* CALayer+Fragrans.m */; };
		F5394E2A22548C5B0064AD54 /* CABasicAnimation+Fragrans.m in Sources */ = {isa = PBXBuildFile; fileRef = F5394E2322548C5B0064AD54 /* CABasicAnimation+Fragrans.m */; };
		F5394E4D22548C760064AD54 /* UISwitch+Fragrans.m in Sources */ = {isa = PBXBuildFile; fileRef = F5394E2B22548C740064AD54 /* UISwitch+Fragrans.m */; };
		F5394E4E22548C760064AD54 /* UITextView+Fragrans.m in Sources */ = {isa = PBXBuildFile; fileRef = F5394E2C22548C740064AD54 /* UITextView+Fragrans.m */; };
		F5394E4F22548C760064AD54 /* UITableView+Fragrans.m in Sources */ = {isa = PBXBuildFile; fileRef = F5394E3022548C740064AD54 /* UITableView+Fragrans.m */; };
		F5394E5022548C760064AD54 /* UIPageControl+Fragrans.m in Sources */ = {isa = PBXBuildFile; fileRef = F5394E3222548C740064AD54 /* UIPageControl+Fragrans.m */; };
		F5394E5122548C760064AD54 /* UIButton+Fragrans.m in Sources */ = {isa = PBXBuildFile; fileRef = F5394E3322548C740064AD54 /* UIButton+Fragrans.m */; };
		F5394E5222548C760064AD54 /* UIBarButtonItem+Fragrans.m in Sources */ = {isa = PBXBuildFile; fileRef = F5394E3522548C740064AD54 /* UIBarButtonItem+Fragrans.m */; };
		F5394E5322548C760064AD54 /* UITapGestureRecognizer+Fragrans.m in Sources */ = {isa = PBXBuildFile; fileRef = F5394E3622548C740064AD54 /* UITapGestureRecognizer+Fragrans.m */; };
		F5394E5422548C760064AD54 /* UIAlertController+Fragrans.m in Sources */ = {isa = PBXBuildFile; fileRef = F5394E3A22548C750064AD54 /* UIAlertController+Fragrans.m */; };
		F5394E5522548C760064AD54 /* UIImage+Fragrans.m in Sources */ = {isa = PBXBuildFile; fileRef = F5394E3B22548C750064AD54 /* UIImage+Fragrans.m */; };
		F5394E5622548C760064AD54 /* UILabel+Fragrans.m in Sources */ = {isa = PBXBuildFile; fileRef = F5394E3C22548C750064AD54 /* UILabel+Fragrans.m */; };
		F5394E5722548C760064AD54 /* UITextField+Fragrans.m in Sources */ = {isa = PBXBuildFile; fileRef = F5394E3F22548C750064AD54 /* UITextField+Fragrans.m */; };
		F5394E5822548C760064AD54 /* UIImageView+Fragrans.m in Sources */ = {isa = PBXBuildFile; fileRef = F5394E4022548C750064AD54 /* UIImageView+Fragrans.m */; };
		F5394E5922548C760064AD54 /* UIViewController+Fragrans.m in Sources */ = {isa = PBXBuildFile; fileRef = F5394E4122548C750064AD54 /* UIViewController+Fragrans.m */; };
		F5394E5A22548C760064AD54 /* UICollectionViewCell+Fragrans.m in Sources */ = {isa = PBXBuildFile; fileRef = F5394E4522548C750064AD54 /* UICollectionViewCell+Fragrans.m */; };
		F5394E5B22548C760064AD54 /* UISlider+Fragrans.m in Sources */ = {isa = PBXBuildFile; fileRef = F5394E4622548C750064AD54 /* UISlider+Fragrans.m */; };
		F5394E5C22548C760064AD54 /* UIView+Fragrans.m in Sources */ = {isa = PBXBuildFile; fileRef = F5394E4A22548C750064AD54 /* UIView+Fragrans.m */; };
		F5394E5D22548C760064AD54 /* UIScrollView+Fragrans.m in Sources */ = {isa = PBXBuildFile; fileRef = F5394E4B22548C750064AD54 /* UIScrollView+Fragrans.m */; };
		F55FE14E225C45EB00CE55F6 /* FRGAlertView.m in Sources */ = {isa = PBXBuildFile; fileRef = F55FE14D225C45EB00CE55F6 /* FRGAlertView.m */; };
		F55FE151225C48F100CE55F6 /* CustomBridge.m in Sources */ = {isa = PBXBuildFile; fileRef = F55FE150225C48F100CE55F6 /* CustomBridge.m */; };
		F55FE154225C6D9200CE55F6 /* UIImagePickerController+Fragrans.m in Sources */ = {isa = PBXBuildFile; fileRef = F55FE153225C6D9200CE55F6 /* UIImagePickerController+Fragrans.m */; };
		F55FE157225C851E00CE55F6 /* UISegmentedControl+Fragrans.m in Sources */ = {isa = PBXBuildFile; fileRef = F55FE156225C851E00CE55F6 /* UISegmentedControl+Fragrans.m */; };
		F55FE15A225CC77C00CE55F6 /* UIProgressView+Fragrans.m in Sources */ = {isa = PBXBuildFile; fileRef = F55FE159225CC77C00CE55F6 /* UIProgressView+Fragrans.m */; };
		F5694DA82250A21B00BD4F80 /* FragransDemoController.m in Sources */ = {isa = PBXBuildFile; fileRef = F5694DA72250A21B00BD4F80 /* FragransDemoController.m */; };
		F5E21220225D98AC003F364C /* UIActivityIndicatorView+Fragrans.m in Sources */ = {isa = PBXBuildFile; fileRef = F5E2121F225D98AC003F364C /* UIActivityIndicatorView+Fragrans.m */; };
		F5F047FB225B9BF0002066D5 /* FunctionBridge.m in Sources */ = {isa = PBXBuildFile; fileRef = F5F047FA225B9BF0002066D5 /* FunctionBridge.m */; };
		F5F047FE225B9D30002066D5 /* UIKitBridge.m in Sources */ = {isa = PBXBuildFile; fileRef = F5F047FD225B9D30002066D5 /* UIKitBridge.m */; };
		F5FAB6AF22003B4E00618786 /* AppDelegate.m in Sources */ = {isa = PBXBuildFile; fileRef = F5FAB6AE22003B4E00618786 /* AppDelegate.m */; };
		F5FAB6B222003B4E00618786 /* ViewController.m in Sources */ = {isa = PBXBuildFile; fileRef = F5FAB6B122003B4E00618786 /* ViewController.m */; };
		F5FAB6B522003B4E00618786 /* Main.storyboard in Resources */ = {isa = PBXBuildFile; fileRef = F5FAB6B322003B4E00618786 /* Main.storyboard */; };
		F5FAB6B722003B5200618786 /* Assets.xcassets in Resources */ = {isa = PBXBuildFile; fileRef = F5FAB6B622003B5200618786 /* Assets.xcassets */; };
		F5FAB6BD22003B5200618786 /* main.m in Sources */ = {isa = PBXBuildFile; fileRef = F5FAB6BC22003B5200618786 /* main.m */; };
/* End PBXBuildFile section */

/* Begin PBXContainerItemProxy section */
		F5FAB6C322003B5200618786 /* PBXContainerItemProxy */ = {
			isa = PBXContainerItemProxy;
			containerPortal = F5FAB6A222003B4E00618786 /* Project object */;
			proxyType = 1;
			remoteGlobalIDString = F5FAB6A922003B4E00618786;
			remoteInfo = Fragrans;
		};
		F5FAB6CE22003B5200618786 /* PBXContainerItemProxy */ = {
			isa = PBXContainerItemProxy;
			containerPortal = F5FAB6A222003B4E00618786 /* Project object */;
			proxyType = 1;
			remoteGlobalIDString = F5FAB6A922003B4E00618786;
			remoteInfo = Fragrans;
		};
/* End PBXContainerItemProxy section */

/* Begin PBXFileReference section */
		F50C90F0222527D000DC5113 /* AVFoundation.framework */ = {isa = PBXFileReference; lastKnownFileType = wrapper.framework; name = AVFoundation.framework; path = System/Library/Frameworks/AVFoundation.framework; sourceTree = SDKROOT; };
		F521EE4A2238E09C00B0BC2B /* UIKit.framework */ = {isa = PBXFileReference; lastKnownFileType = wrapper.framework; name = UIKit.framework; path = System/Library/Frameworks/UIKit.framework; sourceTree = SDKROOT; };
		F521EE4C2238E0A200B0BC2B /* Foundation.framework */ = {isa = PBXFileReference; lastKnownFileType = wrapper.framework; name = Foundation.framework; path = System/Library/Frameworks/Foundation.framework; sourceTree = SDKROOT; };
		F521EE4E2238E0AC00B0BC2B /* CoreFoundation.framework */ = {isa = PBXFileReference; lastKnownFileType = wrapper.framework; name = CoreFoundation.framework; path = System/Library/Frameworks/CoreFoundation.framework; sourceTree = SDKROOT; };
		F5394D282252F6560064AD54 /* FragransDemoView.h */ = {isa = PBXFileReference; lastKnownFileType = sourcecode.c.h; path = FragransDemoView.h; sourceTree = "<group>"; };
		F5394D292252F6560064AD54 /* FragransDemoView.m */ = {isa = PBXFileReference; lastKnownFileType = sourcecode.c.objc; path = FragransDemoView.m; sourceTree = "<group>"; };
		F5394DE522548C1C0064AD54 /* FragransDefine.h */ = {isa = PBXFileReference; fileEncoding = 4; lastKnownFileType = sourcecode.c.h; path = FragransDefine.h; sourceTree = "<group>"; };
		F5394DE622548C410064AD54 /* NSString+Fragrans.m */ = {isa = PBXFileReference; fileEncoding = 4; lastKnownFileType = sourcecode.c.objc; path = "NSString+Fragrans.m"; sourceTree = "<group>"; };
		F5394DE722548C410064AD54 /* NSDate+Fragrans.h */ = {isa = PBXFileReference; fileEncoding = 4; lastKnownFileType = sourcecode.c.h; path = "NSDate+Fragrans.h"; sourceTree = "<group>"; };
		F5394DE822548C410064AD54 /* NSData+Fragrans.h */ = {isa = PBXFileReference; fileEncoding = 4; lastKnownFileType = sourcecode.c.h; path = "NSData+Fragrans.h"; sourceTree = "<group>"; };
		F5394DE922548C410064AD54 /* NSData+Fragrans.m */ = {isa = PBXFileReference; fileEncoding = 4; lastKnownFileType = sourcecode.c.objc; path = "NSData+Fragrans.m"; sourceTree = "<group>"; };
		F5394DEA22548C410064AD54 /* NSBundle+Fragrans.m */ = {isa = PBXFileReference; fileEncoding = 4; lastKnownFileType = sourcecode.c.objc; path = "NSBundle+Fragrans.m"; sourceTree = "<group>"; };
		F5394DEB22548C410064AD54 /* NSMutableArray+Fragrans.h */ = {isa = PBXFileReference; fileEncoding = 4; lastKnownFileType = sourcecode.c.h; path = "NSMutableArray+Fragrans.h"; sourceTree = "<group>"; };
		F5394DEC22548C410064AD54 /* NSMutableDictionary+Fragrans.h */ = {isa = PBXFileReference; fileEncoding = 4; lastKnownFileType = sourcecode.c.h; path = "NSMutableDictionary+Fragrans.h"; sourceTree = "<group>"; };
		F5394DED22548C410064AD54 /* NSArray+Fragrans.h */ = {isa = PBXFileReference; fileEncoding = 4; lastKnownFileType = sourcecode.c.h; path = "NSArray+Fragrans.h"; sourceTree = "<group>"; };
		F5394DEE22548C410064AD54 /* NSDictionary+Fragrans.m */ = {isa = PBXFileReference; fileEncoding = 4; lastKnownFileType = sourcecode.c.objc; path = "NSDictionary+Fragrans.m"; sourceTree = "<group>"; };
		F5394DEF22548C410064AD54 /* NSDate+Fragrans.m */ = {isa = PBXFileReference; fileEncoding = 4; lastKnownFileType = sourcecode.c.objc; path = "NSDate+Fragrans.m"; sourceTree = "<group>"; };
		F5394DF022548C410064AD54 /* NSMutableDictionary+Fragrans.m */ = {isa = PBXFileReference; fileEncoding = 4; lastKnownFileType = sourcecode.c.objc; path = "NSMutableDictionary+Fragrans.m"; sourceTree = "<group>"; };
		F5394DF122548C410064AD54 /* NSDictionary+Fragrans.h */ = {isa = PBXFileReference; fileEncoding = 4; lastKnownFileType = sourcecode.c.h; path = "NSDictionary+Fragrans.h"; sourceTree = "<group>"; };
		F5394DF222548C410064AD54 /* UIColor+Fragrans.m */ = {isa = PBXFileReference; fileEncoding = 4; lastKnownFileType = sourcecode.c.objc; path = "UIColor+Fragrans.m"; sourceTree = "<group>"; };
		F5394DF322548C410064AD54 /* NSMutableString+Fragrans.m */ = {isa = PBXFileReference; fileEncoding = 4; lastKnownFileType = sourcecode.c.objc; path = "NSMutableString+Fragrans.m"; sourceTree = "<group>"; };
		F5394DF422548C410064AD54 /* NSObject+Fragrans.m */ = {isa = PBXFileReference; fileEncoding = 4; lastKnownFileType = sourcecode.c.objc; path = "NSObject+Fragrans.m"; sourceTree = "<group>"; };
		F5394DF522548C410064AD54 /* NSDateFormatter+Fragrans.h */ = {isa = PBXFileReference; fileEncoding = 4; lastKnownFileType = sourcecode.c.h; path = "NSDateFormatter+Fragrans.h"; sourceTree = "<group>"; };
		F5394DF622548C410064AD54 /* UIDevice+Fragrans.h */ = {isa = PBXFileReference; fileEncoding = 4; lastKnownFileType = sourcecode.c.h; path = "UIDevice+Fragrans.h"; sourceTree = "<group>"; };
		F5394DF722548C410064AD54 /* UIScreen+Fragrans.m */ = {isa = PBXFileReference; fileEncoding = 4; lastKnownFileType = sourcecode.c.objc; path = "UIScreen+Fragrans.m"; sourceTree = "<group>"; };
		F5394DF822548C410064AD54 /* NSMutableAttributedString+Fragrans.m */ = {isa = PBXFileReference; fileEncoding = 4; lastKnownFileType = sourcecode.c.objc; path = "NSMutableAttributedString+Fragrans.m"; sourceTree = "<group>"; };
		F5394DF922548C410064AD54 /* UIColor+Fragrans.h */ = {isa = PBXFileReference; fileEncoding = 4; lastKnownFileType = sourcecode.c.h; path = "UIColor+Fragrans.h"; sourceTree = "<group>"; };
		F5394DFA22548C420064AD54 /* NSDateFormatter+Fragrans.m */ = {isa = PBXFileReference; fileEncoding = 4; lastKnownFileType = sourcecode.c.objc; path = "NSDateFormatter+Fragrans.m"; sourceTree = "<group>"; };
		F5394DFB22548C420064AD54 /* NSMutableArray+Fragrans.m */ = {isa = PBXFileReference; fileEncoding = 4; lastKnownFileType = sourcecode.c.objc; path = "NSMutableArray+Fragrans.m"; sourceTree = "<group>"; };
		F5394DFC22548C420064AD54 /* NSObject+Fragrans.h */ = {isa = PBXFileReference; fileEncoding = 4; lastKnownFileType = sourcecode.c.h; path = "NSObject+Fragrans.h"; sourceTree = "<group>"; };
		F5394DFD22548C420064AD54 /* NSBundle+Fragrans.h */ = {isa = PBXFileReference; fileEncoding = 4; lastKnownFileType = sourcecode.c.h; path = "NSBundle+Fragrans.h"; sourceTree = "<group>"; };
		F5394DFE22548C420064AD54 /* UIDevice+Fragrans.m */ = {isa = PBXFileReference; fileEncoding = 4; lastKnownFileType = sourcecode.c.objc; path = "UIDevice+Fragrans.m"; sourceTree = "<group>"; };
		F5394DFF22548C420064AD54 /* NSMutableAttributedString+Fragrans.h */ = {isa = PBXFileReference; fileEncoding = 4; lastKnownFileType = sourcecode.c.h; path = "NSMutableAttributedString+Fragrans.h"; sourceTree = "<group>"; };
		F5394E0022548C420064AD54 /* NSMutableString+Fragrans.h */ = {isa = PBXFileReference; fileEncoding = 4; lastKnownFileType = sourcecode.c.h; path = "NSMutableString+Fragrans.h"; sourceTree = "<group>"; };
		F5394E0122548C420064AD54 /* UIScreen+Fragrans.h */ = {isa = PBXFileReference; fileEncoding = 4; lastKnownFileType = sourcecode.c.h; path = "UIScreen+Fragrans.h"; sourceTree = "<group>"; };
		F5394E0222548C420064AD54 /* UIFont+Fragrans.m */ = {isa = PBXFileReference; fileEncoding = 4; lastKnownFileType = sourcecode.c.objc; path = "UIFont+Fragrans.m"; sourceTree = "<group>"; };
		F5394E0322548C420064AD54 /* UIFont+Fragrans.h */ = {isa = PBXFileReference; fileEncoding = 4; lastKnownFileType = sourcecode.c.h; path = "UIFont+Fragrans.h"; sourceTree = "<group>"; };
		F5394E0422548C420064AD54 /* NSString+Fragrans.h */ = {isa = PBXFileReference; fileEncoding = 4; lastKnownFileType = sourcecode.c.h; path = "NSString+Fragrans.h"; sourceTree = "<group>"; };
		F5394E0522548C420064AD54 /* NSArray+Fragrans.m */ = {isa = PBXFileReference; fileEncoding = 4; lastKnownFileType = sourcecode.c.objc; path = "NSArray+Fragrans.m"; sourceTree = "<group>"; };
		F5394E1622548C5B0064AD54 /* NSNetServiceBrowser+Fragrans.m */ = {isa = PBXFileReference; fileEncoding = 4; lastKnownFileType = sourcecode.c.objc; path = "NSNetServiceBrowser+Fragrans.m"; sourceTree = "<group>"; };
		F5394E1722548C5B0064AD54 /* NSURLSession+Fragrans.m */ = {isa = PBXFileReference; fileEncoding = 4; lastKnownFileType = sourcecode.c.objc; path = "NSURLSession+Fragrans.m"; sourceTree = "<group>"; };
		F5394E1822548C5B0064AD54 /* NSURLRequest+Fragrans.m */ = {isa = PBXFileReference; fileEncoding = 4; lastKnownFileType = sourcecode.c.objc; path = "NSURLRequest+Fragrans.m"; sourceTree = "<group>"; };
		F5394E1922548C5B0064AD54 /* NSNetServiceBrowser+Fragrans.h */ = {isa = PBXFileReference; fileEncoding = 4; lastKnownFileType = sourcecode.c.h; path = "NSNetServiceBrowser+Fragrans.h"; sourceTree = "<group>"; };
		F5394E1A22548C5B0064AD54 /* CABasicAnimation+Fragrans.h */ = {isa = PBXFileReference; fileEncoding = 4; lastKnownFileType = sourcecode.c.h; path = "CABasicAnimation+Fragrans.h"; sourceTree = "<group>"; };
		F5394E1B22548C5B0064AD54 /* NSURLRequest+Fragrans.h */ = {isa = PBXFileReference; fileEncoding = 4; lastKnownFileType = sourcecode.c.h; path = "NSURLRequest+Fragrans.h"; sourceTree = "<group>"; };
		F5394E1C22548C5B0064AD54 /* CALayer+Fragrans.h */ = {isa = PBXFileReference; fileEncoding = 4; lastKnownFileType = sourcecode.c.h; path = "CALayer+Fragrans.h"; sourceTree = "<group>"; };
		F5394E1D22548C5B0064AD54 /* NSFileManager+Fragrans.m */ = {isa = PBXFileReference; fileEncoding = 4; lastKnownFileType = sourcecode.c.objc; path = "NSFileManager+Fragrans.m"; sourceTree = "<group>"; };
		F5394E1E22548C5B0064AD54 /* NSNetService+Fragrans.m */ = {isa = PBXFileReference; fileEncoding = 4; lastKnownFileType = sourcecode.c.objc; path = "NSNetService+Fragrans.m"; sourceTree = "<group>"; };
		F5394E1F22548C5B0064AD54 /* CALayer+Fragrans.m */ = {isa = PBXFileReference; fileEncoding = 4; lastKnownFileType = sourcecode.c.objc; path = "CALayer+Fragrans.m"; sourceTree = "<group>"; };
		F5394E2022548C5B0064AD54 /* NSURLSession+Fragrans.h */ = {isa = PBXFileReference; fileEncoding = 4; lastKnownFileType = sourcecode.c.h; path = "NSURLSession+Fragrans.h"; sourceTree = "<group>"; };
		F5394E2122548C5B0064AD54 /* NSFileManager+Fragrans.h */ = {isa = PBXFileReference; fileEncoding = 4; lastKnownFileType = sourcecode.c.h; path = "NSFileManager+Fragrans.h"; sourceTree = "<group>"; };
		F5394E2222548C5B0064AD54 /* NSNetService+Fragrans.h */ = {isa = PBXFileReference; fileEncoding = 4; lastKnownFileType = sourcecode.c.h; path = "NSNetService+Fragrans.h"; sourceTree = "<group>"; };
		F5394E2322548C5B0064AD54 /* CABasicAnimation+Fragrans.m */ = {isa = PBXFileReference; fileEncoding = 4; lastKnownFileType = sourcecode.c.objc; path = "CABasicAnimation+Fragrans.m"; sourceTree = "<group>"; };
		F5394E2B22548C740064AD54 /* UISwitch+Fragrans.m */ = {isa = PBXFileReference; fileEncoding = 4; lastKnownFileType = sourcecode.c.objc; path = "UISwitch+Fragrans.m"; sourceTree = "<group>"; };
		F5394E2C22548C740064AD54 /* UITextView+Fragrans.m */ = {isa = PBXFileReference; fileEncoding = 4; lastKnownFileType = sourcecode.c.objc; path = "UITextView+Fragrans.m"; sourceTree = "<group>"; };
		F5394E2D22548C740064AD54 /* UIViewController+Fragrans.h */ = {isa = PBXFileReference; fileEncoding = 4; lastKnownFileType = sourcecode.c.h; path = "UIViewController+Fragrans.h"; sourceTree = "<group>"; };
		F5394E2E22548C740064AD54 /* UIPageControl+Fragrans.h */ = {isa = PBXFileReference; fileEncoding = 4; lastKnownFileType = sourcecode.c.h; path = "UIPageControl+Fragrans.h"; sourceTree = "<group>"; };
		F5394E2F22548C740064AD54 /* UILabel+Fragrans.h */ = {isa = PBXFileReference; fileEncoding = 4; lastKnownFileType = sourcecode.c.h; path = "UILabel+Fragrans.h"; sourceTree = "<group>"; };
		F5394E3022548C740064AD54 /* UITableView+Fragrans.m */ = {isa = PBXFileReference; fileEncoding = 4; lastKnownFileType = sourcecode.c.objc; path = "UITableView+Fragrans.m"; sourceTree = "<group>"; };
		F5394E3122548C740064AD54 /* UIAlertController+Fragrans.h */ = {isa = PBXFileReference; fileEncoding = 4; lastKnownFileType = sourcecode.c.h; path = "UIAlertController+Fragrans.h"; sourceTree = "<group>"; };
		F5394E3222548C740064AD54 /* UIPageControl+Fragrans.m */ = {isa = PBXFileReference; fileEncoding = 4; lastKnownFileType = sourcecode.c.objc; path = "UIPageControl+Fragrans.m"; sourceTree = "<group>"; };
		F5394E3322548C740064AD54 /* UIButton+Fragrans.m */ = {isa = PBXFileReference; fileEncoding = 4; lastKnownFileType = sourcecode.c.objc; path = "UIButton+Fragrans.m"; sourceTree = "<group>"; };
		F5394E3422548C740064AD54 /* UITextView+Fragrans.h */ = {isa = PBXFileReference; fileEncoding = 4; lastKnownFileType = sourcecode.c.h; path = "UITextView+Fragrans.h"; sourceTree = "<group>"; };
		F5394E3522548C740064AD54 /* UIBarButtonItem+Fragrans.m */ = {isa = PBXFileReference; fileEncoding = 4; lastKnownFileType = sourcecode.c.objc; path = "UIBarButtonItem+Fragrans.m"; sourceTree = "<group>"; };
		F5394E3622548C740064AD54 /* UITapGestureRecognizer+Fragrans.m */ = {isa = PBXFileReference; fileEncoding = 4; lastKnownFileType = sourcecode.c.objc; path = "UITapGestureRecognizer+Fragrans.m"; sourceTree = "<group>"; };
		F5394E3722548C740064AD54 /* UIButton+Fragrans.h */ = {isa = PBXFileReference; fileEncoding = 4; lastKnownFileType = sourcecode.c.h; path = "UIButton+Fragrans.h"; sourceTree = "<group>"; };
		F5394E3822548C740064AD54 /* UIImage+Fragrans.h */ = {isa = PBXFileReference; fileEncoding = 4; lastKnownFileType = sourcecode.c.h; path = "UIImage+Fragrans.h"; sourceTree = "<group>"; };
		F5394E3922548C740064AD54 /* UISlider+Fragrans.h */ = {isa = PBXFileReference; fileEncoding = 4; lastKnownFileType = sourcecode.c.h; path = "UISlider+Fragrans.h"; sourceTree = "<group>"; };
		F5394E3A22548C750064AD54 /* UIAlertController+Fragrans.m */ = {isa = PBXFileReference; fileEncoding = 4; lastKnownFileType = sourcecode.c.objc; path = "UIAlertController+Fragrans.m"; sourceTree = "<group>"; };
		F5394E3B22548C750064AD54 /* UIImage+Fragrans.m */ = {isa = PBXFileReference; fileEncoding = 4; lastKnownFileType = sourcecode.c.objc; path = "UIImage+Fragrans.m"; sourceTree = "<group>"; };
		F5394E3C22548C750064AD54 /* UILabel+Fragrans.m */ = {isa = PBXFileReference; fileEncoding = 4; lastKnownFileType = sourcecode.c.objc; path = "UILabel+Fragrans.m"; sourceTree = "<group>"; };
		F5394E3D22548C750064AD54 /* UIImageView+Fragrans.h */ = {isa = PBXFileReference; fileEncoding = 4; lastKnownFileType = sourcecode.c.h; path = "UIImageView+Fragrans.h"; sourceTree = "<group>"; };
		F5394E3E22548C750064AD54 /* UISwitch+Fragrans.h */ = {isa = PBXFileReference; fileEncoding = 4; lastKnownFileType = sourcecode.c.h; path = "UISwitch+Fragrans.h"; sourceTree = "<group>"; };
		F5394E3F22548C750064AD54 /* UITextField+Fragrans.m */ = {isa = PBXFileReference; fileEncoding = 4; lastKnownFileType = sourcecode.c.objc; path = "UITextField+Fragrans.m"; sourceTree = "<group>"; };
		F5394E4022548C750064AD54 /* UIImageView+Fragrans.m */ = {isa = PBXFileReference; fileEncoding = 4; lastKnownFileType = sourcecode.c.objc; path = "UIImageView+Fragrans.m"; sourceTree = "<group>"; };
		F5394E4122548C750064AD54 /* UIViewController+Fragrans.m */ = {isa = PBXFileReference; fileEncoding = 4; lastKnownFileType = sourcecode.c.objc; path = "UIViewController+Fragrans.m"; sourceTree = "<group>"; };
		F5394E4222548C750064AD54 /* UIScrollView+Fragrans.h */ = {isa = PBXFileReference; fileEncoding = 4; lastKnownFileType = sourcecode.c.h; path = "UIScrollView+Fragrans.h"; sourceTree = "<group>"; };
		F5394E4322548C750064AD54 /* UITableView+Fragrans.h */ = {isa = PBXFileReference; fileEncoding = 4; lastKnownFileType = sourcecode.c.h; path = "UITableView+Fragrans.h"; sourceTree = "<group>"; };
		F5394E4422548C750064AD54 /* UICollectionViewCell+Fragrans.h */ = {isa = PBXFileReference; fileEncoding = 4; lastKnownFileType = sourcecode.c.h; path = "UICollectionViewCell+Fragrans.h"; sourceTree = "<group>"; };
		F5394E4522548C750064AD54 /* UICollectionViewCell+Fragrans.m */ = {isa = PBXFileReference; fileEncoding = 4; lastKnownFileType = sourcecode.c.objc; path = "UICollectionViewCell+Fragrans.m"; sourceTree = "<group>"; };
		F5394E4622548C750064AD54 /* UISlider+Fragrans.m */ = {isa = PBXFileReference; fileEncoding = 4; lastKnownFileType = sourcecode.c.objc; path = "UISlider+Fragrans.m"; sourceTree = "<group>"; };
		F5394E4722548C750064AD54 /* UITextField+Fragrans.h */ = {isa = PBXFileReference; fileEncoding = 4; lastKnownFileType = sourcecode.c.h; path = "UITextField+Fragrans.h"; sourceTree = "<group>"; };
		F5394E4822548C750064AD54 /* UIView+Fragrans.h */ = {isa = PBXFileReference; fileEncoding = 4; lastKnownFileType = sourcecode.c.h; path = "UIView+Fragrans.h"; sourceTree = "<group>"; };
		F5394E4922548C750064AD54 /* UIBarButtonItem+Fragrans.h */ = {isa = PBXFileReference; fileEncoding = 4; lastKnownFileType = sourcecode.c.h; path = "UIBarButtonItem+Fragrans.h"; sourceTree = "<group>"; };
		F5394E4A22548C750064AD54 /* UIView+Fragrans.m */ = {isa = PBXFileReference; fileEncoding = 4; lastKnownFileType = sourcecode.c.objc; path = "UIView+Fragrans.m"; sourceTree = "<group>"; };
		F5394E4B22548C750064AD54 /* UIScrollView+Fragrans.m */ = {isa = PBXFileReference; fileEncoding = 4; lastKnownFileType = sourcecode.c.objc; path = "UIScrollView+Fragrans.m"; sourceTree = "<group>"; };
		F5394E4C22548C760064AD54 /* UITapGestureRecognizer+Fragrans.h */ = {isa = PBXFileReference; fileEncoding = 4; lastKnownFileType = sourcecode.c.h; path = "UITapGestureRecognizer+Fragrans.h"; sourceTree = "<group>"; };
		F55FE14C225C45EB00CE55F6 /* FRGAlertView.h */ = {isa = PBXFileReference; lastKnownFileType = sourcecode.c.h; path = FRGAlertView.h; sourceTree = "<group>"; };
		F55FE14D225C45EB00CE55F6 /* FRGAlertView.m */ = {isa = PBXFileReference; lastKnownFileType = sourcecode.c.objc; path = FRGAlertView.m; sourceTree = "<group>"; };
		F55FE14F225C48F100CE55F6 /* CustomBridge.h */ = {isa = PBXFileReference; lastKnownFileType = sourcecode.c.h; path = CustomBridge.h; sourceTree = "<group>"; };
		F55FE150225C48F100CE55F6 /* CustomBridge.m */ = {isa = PBXFileReference; lastKnownFileType = sourcecode.c.objc; path = CustomBridge.m; sourceTree = "<group>"; };
		F55FE152225C6D9200CE55F6 /* UIImagePickerController+Fragrans.h */ = {isa = PBXFileReference; lastKnownFileType = sourcecode.c.h; path = "UIImagePickerController+Fragrans.h"; sourceTree = "<group>"; };
		F55FE153225C6D9200CE55F6 /* UIImagePickerController+Fragrans.m */ = {isa = PBXFileReference; lastKnownFileType = sourcecode.c.objc; path = "UIImagePickerController+Fragrans.m"; sourceTree = "<group>"; };
		F55FE155225C851E00CE55F6 /* UISegmentedControl+Fragrans.h */ = {isa = PBXFileReference; lastKnownFileType = sourcecode.c.h; path = "UISegmentedControl+Fragrans.h"; sourceTree = "<group>"; };
		F55FE156225C851E00CE55F6 /* UISegmentedControl+Fragrans.m */ = {isa = PBXFileReference; lastKnownFileType = sourcecode.c.objc; path = "UISegmentedControl+Fragrans.m"; sourceTree = "<group>"; };
		F55FE158225CC77C00CE55F6 /* UIProgressView+Fragrans.h */ = {isa = PBXFileReference; lastKnownFileType = sourcecode.c.h; path = "UIProgressView+Fragrans.h"; sourceTree = "<group>"; };
		F55FE159225CC77C00CE55F6 /* UIProgressView+Fragrans.m */ = {isa = PBXFileReference; lastKnownFileType = sourcecode.c.objc; path = "UIProgressView+Fragrans.m"; sourceTree = "<group>"; };
		F5694DA62250A21B00BD4F80 /* FragransDemoController.h */ = {isa = PBXFileReference; lastKnownFileType = sourcecode.c.h; path = FragransDemoController.h; sourceTree = "<group>"; };
		F5694DA72250A21B00BD4F80 /* FragransDemoController.m */ = {isa = PBXFileReference; lastKnownFileType = sourcecode.c.objc; path = FragransDemoController.m; sourceTree = "<group>"; };
		F5694DAA2250A3E500BD4F80 /* Fragrans.h */ = {isa = PBXFileReference; fileEncoding = 4; lastKnownFileType = sourcecode.c.h; path = Fragrans.h; sourceTree = "<group>"; };
		F5E2121E225D98AC003F364C /* UIActivityIndicatorView+Fragrans.h */ = {isa = PBXFileReference; lastKnownFileType = sourcecode.c.h; path = "UIActivityIndicatorView+Fragrans.h"; sourceTree = "<group>"; };
		F5E2121F225D98AC003F364C /* UIActivityIndicatorView+Fragrans.m */ = {isa = PBXFileReference; lastKnownFileType = sourcecode.c.objc; path = "UIActivityIndicatorView+Fragrans.m"; sourceTree = "<group>"; };
		F5F047F9225B9BF0002066D5 /* FunctionBridge.h */ = {isa = PBXFileReference; lastKnownFileType = sourcecode.c.h; path = FunctionBridge.h; sourceTree = "<group>"; };
		F5F047FA225B9BF0002066D5 /* FunctionBridge.m */ = {isa = PBXFileReference; lastKnownFileType = sourcecode.c.objc; path = FunctionBridge.m; sourceTree = "<group>"; };
		F5F047FC225B9D30002066D5 /* UIKitBridge.h */ = {isa = PBXFileReference; lastKnownFileType = sourcecode.c.h; path = UIKitBridge.h; sourceTree = "<group>"; };
		F5F047FD225B9D30002066D5 /* UIKitBridge.m */ = {isa = PBXFileReference; lastKnownFileType = sourcecode.c.objc; path = UIKitBridge.m; sourceTree = "<group>"; };
		F5FAB6AA22003B4E00618786 /* Fragrans.app */ = {isa = PBXFileReference; explicitFileType = wrapper.application; includeInIndex = 0; path = Fragrans.app; sourceTree = BUILT_PRODUCTS_DIR; };
		F5FAB6AD22003B4E00618786 /* AppDelegate.h */ = {isa = PBXFileReference; lastKnownFileType = sourcecode.c.h; path = AppDelegate.h; sourceTree = "<group>"; };
		F5FAB6AE22003B4E00618786 /* AppDelegate.m */ = {isa = PBXFileReference; lastKnownFileType = sourcecode.c.objc; path = AppDelegate.m; sourceTree = "<group>"; };
		F5FAB6B022003B4E00618786 /* ViewController.h */ = {isa = PBXFileReference; lastKnownFileType = sourcecode.c.h; path = ViewController.h; sourceTree = "<group>"; };
		F5FAB6B122003B4E00618786 /* ViewController.m */ = {isa = PBXFileReference; lastKnownFileType = sourcecode.c.objc; path = ViewController.m; sourceTree = "<group>"; };
		F5FAB6B422003B4E00618786 /* Base */ = {isa = PBXFileReference; lastKnownFileType = file.storyboard; name = Base; path = Base.lproj/Main.storyboard; sourceTree = "<group>"; };
		F5FAB6B622003B5200618786 /* Assets.xcassets */ = {isa = PBXFileReference; lastKnownFileType = folder.assetcatalog; path = Assets.xcassets; sourceTree = "<group>"; };
		F5FAB6BB22003B5200618786 /* Info.plist */ = {isa = PBXFileReference; lastKnownFileType = text.plist.xml; path = Info.plist; sourceTree = "<group>"; };
		F5FAB6BC22003B5200618786 /* main.m */ = {isa = PBXFileReference; lastKnownFileType = sourcecode.c.objc; path = main.m; sourceTree = "<group>"; };
		F5FAB6C222003B5200618786 /* FragransTests.xctest */ = {isa = PBXFileReference; explicitFileType = wrapper.cfbundle; includeInIndex = 0; path = FragransTests.xctest; sourceTree = BUILT_PRODUCTS_DIR; };
		F5FAB6CD22003B5200618786 /* FragransUITests.xctest */ = {isa = PBXFileReference; explicitFileType = wrapper.cfbundle; includeInIndex = 0; path = FragransUITests.xctest; sourceTree = BUILT_PRODUCTS_DIR; };
/* End PBXFileReference section */

/* Begin PBXFrameworksBuildPhase section */
		F5FAB6A722003B4E00618786 /* Frameworks */ = {
			isa = PBXFrameworksBuildPhase;
			buildActionMask = 2147483647;
			files = (
				F521EE4F2238E0AD00B0BC2B /* CoreFoundation.framework in Frameworks */,
				F521EE4D2238E0A300B0BC2B /* Foundation.framework in Frameworks */,
				F521EE4B2238E09C00B0BC2B /* UIKit.framework in Frameworks */,
				F50C90F1222527D000DC5113 /* AVFoundation.framework in Frameworks */,
			);
			runOnlyForDeploymentPostprocessing = 0;
		};
		F5FAB6BF22003B5200618786 /* Frameworks */ = {
			isa = PBXFrameworksBuildPhase;
			buildActionMask = 2147483647;
			files = (
			);
			runOnlyForDeploymentPostprocessing = 0;
		};
		F5FAB6CA22003B5200618786 /* Frameworks */ = {
			isa = PBXFrameworksBuildPhase;
			buildActionMask = 2147483647;
			files = (
			);
			runOnlyForDeploymentPostprocessing = 0;
		};
/* End PBXFrameworksBuildPhase section */

/* Begin PBXGroup section */
		F50C90EF222527CF00DC5113 /* Frameworks */ = {
			isa = PBXGroup;
			children = (
				F521EE4E2238E0AC00B0BC2B /* CoreFoundation.framework */,
				F521EE4C2238E0A200B0BC2B /* Foundation.framework */,
				F521EE4A2238E09C00B0BC2B /* UIKit.framework */,
				F50C90F0222527D000DC5113 /* AVFoundation.framework */,
			);
			name = Frameworks;
			sourceTree = "<group>";
		};
		F5394D6922548BF60064AD54 /* UIKit */ = {
			isa = PBXGroup;
			children = (
				F5E2121E225D98AC003F364C /* UIActivityIndicatorView+Fragrans.h */,
				F5E2121F225D98AC003F364C /* UIActivityIndicatorView+Fragrans.m */,
				F5394E3122548C740064AD54 /* UIAlertController+Fragrans.h */,
				F5394E3A22548C750064AD54 /* UIAlertController+Fragrans.m */,
				F5394E4922548C750064AD54 /* UIBarButtonItem+Fragrans.h */,
				F5394E3522548C740064AD54 /* UIBarButtonItem+Fragrans.m */,
				F5394E3722548C740064AD54 /* UIButton+Fragrans.h */,
				F5394E3322548C740064AD54 /* UIButton+Fragrans.m */,
				F5394E4422548C750064AD54 /* UICollectionViewCell+Fragrans.h */,
				F5394E4522548C750064AD54 /* UICollectionViewCell+Fragrans.m */,
				F5394E3822548C740064AD54 /* UIImage+Fragrans.h */,
				F5394E3B22548C750064AD54 /* UIImage+Fragrans.m */,
				F5394E3D22548C750064AD54 /* UIImageView+Fragrans.h */,
				F5394E4022548C750064AD54 /* UIImageView+Fragrans.m */,
				F55FE152225C6D9200CE55F6 /* UIImagePickerController+Fragrans.h */,
				F55FE153225C6D9200CE55F6 /* UIImagePickerController+Fragrans.m */,
				F5394E2F22548C740064AD54 /* UILabel+Fragrans.h */,
				F5394E3C22548C750064AD54 /* UILabel+Fragrans.m */,
				F5394E2E22548C740064AD54 /* UIPageControl+Fragrans.h */,
				F5394E3222548C740064AD54 /* UIPageControl+Fragrans.m */,
				F55FE158225CC77C00CE55F6 /* UIProgressView+Fragrans.h */,
				F55FE159225CC77C00CE55F6 /* UIProgressView+Fragrans.m */,
				F5394E4222548C750064AD54 /* UIScrollView+Fragrans.h */,
				F5394E4B22548C750064AD54 /* UIScrollView+Fragrans.m */,
				F55FE155225C851E00CE55F6 /* UISegmentedControl+Fragrans.h */,
				F55FE156225C851E00CE55F6 /* UISegmentedControl+Fragrans.m */,
				F5394E3922548C740064AD54 /* UISlider+Fragrans.h */,
				F5394E4622548C750064AD54 /* UISlider+Fragrans.m */,
				F5394E3E22548C750064AD54 /* UISwitch+Fragrans.h */,
				F5394E2B22548C740064AD54 /* UISwitch+Fragrans.m */,
				F5394E4322548C750064AD54 /* UITableView+Fragrans.h */,
				F5394E3022548C740064AD54 /* UITableView+Fragrans.m */,
				F5394E4C22548C760064AD54 /* UITapGestureRecognizer+Fragrans.h */,
				F5394E3622548C740064AD54 /* UITapGestureRecognizer+Fragrans.m */,
				F5394E4722548C750064AD54 /* UITextField+Fragrans.h */,
				F5394E3F22548C750064AD54 /* UITextField+Fragrans.m */,
				F5394E3422548C740064AD54 /* UITextView+Fragrans.h */,
				F5394E2C22548C740064AD54 /* UITextView+Fragrans.m */,
				F5394E4822548C750064AD54 /* UIView+Fragrans.h */,
				F5394E4A22548C750064AD54 /* UIView+Fragrans.m */,
				F5394E2D22548C740064AD54 /* UIViewController+Fragrans.h */,
				F5394E4122548C750064AD54 /* UIViewController+Fragrans.m */,
				F5F047FC225B9D30002066D5 /* UIKitBridge.h */,
				F5F047FD225B9D30002066D5 /* UIKitBridge.m */,
			);
			path = UIKit;
			sourceTree = "<group>";
		};
		F5394D9D22548C050064AD54 /* Function */ = {
			isa = PBXGroup;
			children = (
				F5394E1A22548C5B0064AD54 /* CABasicAnimation+Fragrans.h */,
				F5394E2322548C5B0064AD54 /* CABasicAnimation+Fragrans.m */,
				F5394E1C22548C5B0064AD54 /* CALayer+Fragrans.h */,
				F5394E1F22548C5B0064AD54 /* CALayer+Fragrans.m */,
				F5394E2122548C5B0064AD54 /* NSFileManager+Fragrans.h */,
				F5394E1D22548C5B0064AD54 /* NSFileManager+Fragrans.m */,
				F5394E2222548C5B0064AD54 /* NSNetService+Fragrans.h */,
				F5394E1E22548C5B0064AD54 /* NSNetService+Fragrans.m */,
				F5394E1922548C5B0064AD54 /* NSNetServiceBrowser+Fragrans.h */,
				F5394E1622548C5B0064AD54 /* NSNetServiceBrowser+Fragrans.m */,
				F5394E1B22548C5B0064AD54 /* NSURLRequest+Fragrans.h */,
				F5394E1822548C5B0064AD54 /* NSURLRequest+Fragrans.m */,
				F5394E2022548C5B0064AD54 /* NSURLSession+Fragrans.h */,
				F5394E1722548C5B0064AD54 /* NSURLSession+Fragrans.m */,
				F5F047F9225B9BF0002066D5 /* FunctionBridge.h */,
				F5F047FA225B9BF0002066D5 /* FunctionBridge.m */,
			);
			path = Function;
			sourceTree = "<group>";
		};
		F5394DB322548C0C0064AD54 /* Extend */ = {
			isa = PBXGroup;
			children = (
				F5394DED22548C410064AD54 /* NSArray+Fragrans.h */,
				F5394E0522548C420064AD54 /* NSArray+Fragrans.m */,
				F5394DFD22548C420064AD54 /* NSBundle+Fragrans.h */,
				F5394DEA22548C410064AD54 /* NSBundle+Fragrans.m */,
				F5394DE822548C410064AD54 /* NSData+Fragrans.h */,
				F5394DE922548C410064AD54 /* NSData+Fragrans.m */,
				F5394DE722548C410064AD54 /* NSDate+Fragrans.h */,
				F5394DEF22548C410064AD54 /* NSDate+Fragrans.m */,
				F5394DF522548C410064AD54 /* NSDateFormatter+Fragrans.h */,
				F5394DFA22548C420064AD54 /* NSDateFormatter+Fragrans.m */,
				F5394DF122548C410064AD54 /* NSDictionary+Fragrans.h */,
				F5394DEE22548C410064AD54 /* NSDictionary+Fragrans.m */,
				F5394DEB22548C410064AD54 /* NSMutableArray+Fragrans.h */,
				F5394DFB22548C420064AD54 /* NSMutableArray+Fragrans.m */,
				F5394DFF22548C420064AD54 /* NSMutableAttributedString+Fragrans.h */,
				F5394DF822548C410064AD54 /* NSMutableAttributedString+Fragrans.m */,
				F5394DEC22548C410064AD54 /* NSMutableDictionary+Fragrans.h */,
				F5394DF022548C410064AD54 /* NSMutableDictionary+Fragrans.m */,
				F5394E0022548C420064AD54 /* NSMutableString+Fragrans.h */,
				F5394DF322548C410064AD54 /* NSMutableString+Fragrans.m */,
				F5394DFC22548C420064AD54 /* NSObject+Fragrans.h */,
				F5394DF422548C410064AD54 /* NSObject+Fragrans.m */,
				F5394E0422548C420064AD54 /* NSString+Fragrans.h */,
				F5394DE622548C410064AD54 /* NSString+Fragrans.m */,
				F5394DF922548C410064AD54 /* UIColor+Fragrans.h */,
				F5394DF222548C410064AD54 /* UIColor+Fragrans.m */,
				F5394DF622548C410064AD54 /* UIDevice+Fragrans.h */,
				F5394DFE22548C420064AD54 /* UIDevice+Fragrans.m */,
				F5394E0322548C420064AD54 /* UIFont+Fragrans.h */,
				F5394E0222548C420064AD54 /* UIFont+Fragrans.m */,
				F5394E0122548C420064AD54 /* UIScreen+Fragrans.h */,
				F5394DF722548C410064AD54 /* UIScreen+Fragrans.m */,
			);
			path = Extend;
			sourceTree = "<group>";
		};
		F5394DE422548C1C0064AD54 /* Custom */ = {
			isa = PBXGroup;
			children = (
				F5394DE522548C1C0064AD54 /* FragransDefine.h */,
				F55FE14C225C45EB00CE55F6 /* FRGAlertView.h */,
				F55FE14D225C45EB00CE55F6 /* FRGAlertView.m */,
				F55FE14F225C48F100CE55F6 /* CustomBridge.h */,
				F55FE150225C48F100CE55F6 /* CustomBridge.m */,
			);
			path = Custom;
			sourceTree = "<group>";
		};
		F5694DA52250A1F400BD4F80 /* FragransDemo */ = {
			isa = PBXGroup;
			children = (
				F5694DA62250A21B00BD4F80 /* FragransDemoController.h */,
				F5694DA72250A21B00BD4F80 /* FragransDemoController.m */,
				F5394D282252F6560064AD54 /* FragransDemoView.h */,
				F5394D292252F6560064AD54 /* FragransDemoView.m */,
			);
			path = FragransDemo;
			sourceTree = "<group>";
		};
		F58C4E74224F510C0033A7F3 /* Fragrans */ = {
			isa = PBXGroup;
			children = (
				F5694DAA2250A3E500BD4F80 /* Fragrans.h */,
				F5394D6922548BF60064AD54 /* UIKit */,
				F5394DB322548C0C0064AD54 /* Extend */,
				F5394D9D22548C050064AD54 /* Function */,
				F5394DE422548C1C0064AD54 /* Custom */,
			);
			path = Fragrans;
			sourceTree = "<group>";
		};
		F5FAB6A122003B4E00618786 = {
			isa = PBXGroup;
			children = (
				F5FAB6AC22003B4E00618786 /* Fragrans */,
				F5FAB6AB22003B4E00618786 /* Products */,
				F50C90EF222527CF00DC5113 /* Frameworks */,
			);
			sourceTree = "<group>";
		};
		F5FAB6AB22003B4E00618786 /* Products */ = {
			isa = PBXGroup;
			children = (
				F5FAB6AA22003B4E00618786 /* Fragrans.app */,
				F5FAB6C222003B5200618786 /* FragransTests.xctest */,
				F5FAB6CD22003B5200618786 /* FragransUITests.xctest */,
			);
			name = Products;
			sourceTree = "<group>";
		};
		F5FAB6AC22003B4E00618786 /* Fragrans */ = {
			isa = PBXGroup;
			children = (
				F5694DA52250A1F400BD4F80 /* FragransDemo */,
				F58C4E74224F510C0033A7F3 /* Fragrans */,
				F5FAB6AD22003B4E00618786 /* AppDelegate.h */,
				F5FAB6AE22003B4E00618786 /* AppDelegate.m */,
				F5FAB6B022003B4E00618786 /* ViewController.h */,
				F5FAB6B122003B4E00618786 /* ViewController.m */,
				F5FAB6B322003B4E00618786 /* Main.storyboard */,
				F5FAB6B622003B5200618786 /* Assets.xcassets */,
				F5FAB6BB22003B5200618786 /* Info.plist */,
				F5FAB6BC22003B5200618786 /* main.m */,
			);
			path = Fragrans;
			sourceTree = "<group>";
		};
/* End PBXGroup section */

/* Begin PBXNativeTarget section */
		F5FAB6A922003B4E00618786 /* Fragrans */ = {
			isa = PBXNativeTarget;
			buildConfigurationList = F5FAB6D622003B5200618786 /* Build configuration list for PBXNativeTarget "Fragrans" */;
			buildPhases = (
				F5FAB6A622003B4E00618786 /* Sources */,
				F5FAB6A722003B4E00618786 /* Frameworks */,
				F5FAB6A822003B4E00618786 /* Resources */,
			);
			buildRules = (
			);
			dependencies = (
			);
			name = Fragrans;
			productName = Fragrans;
			productReference = F5FAB6AA22003B4E00618786 /* Fragrans.app */;
			productType = "com.apple.product-type.application";
		};
		F5FAB6C122003B5200618786 /* FragransTests */ = {
			isa = PBXNativeTarget;
			buildConfigurationList = F5FAB6D922003B5200618786 /* Build configuration list for PBXNativeTarget "FragransTests" */;
			buildPhases = (
				F5FAB6BE22003B5200618786 /* Sources */,
				F5FAB6BF22003B5200618786 /* Frameworks */,
				F5FAB6C022003B5200618786 /* Resources */,
			);
			buildRules = (
			);
			dependencies = (
				F5FAB6C422003B5200618786 /* PBXTargetDependency */,
			);
			name = FragransTests;
			productName = FragransTests;
			productReference = F5FAB6C222003B5200618786 /* FragransTests.xctest */;
			productType = "com.apple.product-type.bundle.unit-test";
		};
		F5FAB6CC22003B5200618786 /* FragransUITests */ = {
			isa = PBXNativeTarget;
			buildConfigurationList = F5FAB6DC22003B5200618786 /* Build configuration list for PBXNativeTarget "FragransUITests" */;
			buildPhases = (
				F5FAB6C922003B5200618786 /* Sources */,
				F5FAB6CA22003B5200618786 /* Frameworks */,
				F5FAB6CB22003B5200618786 /* Resources */,
			);
			buildRules = (
			);
			dependencies = (
				F5FAB6CF22003B5200618786 /* PBXTargetDependency */,
			);
			name = FragransUITests;
			productName = FragransUITests;
			productReference = F5FAB6CD22003B5200618786 /* FragransUITests.xctest */;
			productType = "com.apple.product-type.bundle.ui-testing";
		};
/* End PBXNativeTarget section */

/* Begin PBXProject section */
		F5FAB6A222003B4E00618786 /* Project object */ = {
			isa = PBXProject;
			attributes = {
				LastUpgradeCheck = 1010;
				TargetAttributes = {
					F5FAB6A922003B4E00618786 = {
						CreatedOnToolsVersion = 10.1;
					};
					F5FAB6C122003B5200618786 = {
						CreatedOnToolsVersion = 10.1;
						TestTargetID = F5FAB6A922003B4E00618786;
					};
					F5FAB6CC22003B5200618786 = {
						CreatedOnToolsVersion = 10.1;
						TestTargetID = F5FAB6A922003B4E00618786;
					};
				};
			};
			buildConfigurationList = F5FAB6A522003B4E00618786 /* Build configuration list for PBXProject "Fragrans" */;
			compatibilityVersion = "Xcode 9.3";
			developmentRegion = en;
			hasScannedForEncodings = 0;
			knownRegions = (
				en,
				Base,
			);
			mainGroup = F5FAB6A122003B4E00618786;
			productRefGroup = F5FAB6AB22003B4E00618786 /* Products */;
			projectDirPath = "";
			projectRoot = "";
			targets = (
				F5FAB6A922003B4E00618786 /* Fragrans */,
				F5FAB6C122003B5200618786 /* FragransTests */,
				F5FAB6CC22003B5200618786 /* FragransUITests */,
			);
		};
/* End PBXProject section */

/* Begin PBXResourcesBuildPhase section */
		F5FAB6A822003B4E00618786 /* Resources */ = {
			isa = PBXResourcesBuildPhase;
			buildActionMask = 2147483647;
			files = (
				F5FAB6B722003B5200618786 /* Assets.xcassets in Resources */,
				F5FAB6B522003B4E00618786 /* Main.storyboard in Resources */,
			);
			runOnlyForDeploymentPostprocessing = 0;
		};
		F5FAB6C022003B5200618786 /* Resources */ = {
			isa = PBXResourcesBuildPhase;
			buildActionMask = 2147483647;
			files = (
			);
			runOnlyForDeploymentPostprocessing = 0;
		};
		F5FAB6CB22003B5200618786 /* Resources */ = {
			isa = PBXResourcesBuildPhase;
			buildActionMask = 2147483647;
			files = (
			);
			runOnlyForDeploymentPostprocessing = 0;
		};
/* End PBXResourcesBuildPhase section */

/* Begin PBXSourcesBuildPhase section */
		F5FAB6A622003B4E00618786 /* Sources */ = {
			isa = PBXSourcesBuildPhase;
			buildActionMask = 2147483647;
			files = (
				F5394E2A22548C5B0064AD54 /* CABasicAnimation+Fragrans.m in Sources */,
				F5394E4F22548C760064AD54 /* UITableView+Fragrans.m in Sources */,
				F5394E2822548C5B0064AD54 /* NSNetService+Fragrans.m in Sources */,
				F5394E5B22548C760064AD54 /* UISlider+Fragrans.m in Sources */,
				F5394E2522548C5B0064AD54 /* NSURLSession+Fragrans.m in Sources */,
				F5394E2722548C5B0064AD54 /* NSFileManager+Fragrans.m in Sources */,
				F5394E1422548C420064AD54 /* UIFont+Fragrans.m in Sources */,
				F5394E1022548C420064AD54 /* NSMutableAttributedString+Fragrans.m in Sources */,
				F55FE157225C851E00CE55F6 /* UISegmentedControl+Fragrans.m in Sources */,
				F5394E1522548C420064AD54 /* NSArray+Fragrans.m in Sources */,
				F5394E4E22548C760064AD54 /* UITextView+Fragrans.m in Sources */,
				F5394E0822548C420064AD54 /* NSBundle+Fragrans.m in Sources */,
				F55FE14E225C45EB00CE55F6 /* FRGAlertView.m in Sources */,
				F5FAB6B222003B4E00618786 /* ViewController.m in Sources */,
				F5F047FB225B9BF0002066D5 /* FunctionBridge.m in Sources */,
				F5394E2422548C5B0064AD54 /* NSNetServiceBrowser+Fragrans.m in Sources */,
				F5394E1222548C420064AD54 /* NSMutableArray+Fragrans.m in Sources */,
				F5FAB6BD22003B5200618786 /* main.m in Sources */,
				F5394E5622548C760064AD54 /* UILabel+Fragrans.m in Sources */,
				F5F047FE225B9D30002066D5 /* UIKitBridge.m in Sources */,
				F5394E5C22548C760064AD54 /* UIView+Fragrans.m in Sources */,
				F5394E5322548C760064AD54 /* UITapGestureRecognizer+Fragrans.m in Sources */,
				F5394E5522548C760064AD54 /* UIImage+Fragrans.m in Sources */,
				F55FE151225C48F100CE55F6 /* CustomBridge.m in Sources */,
				F5394E5022548C760064AD54 /* UIPageControl+Fragrans.m in Sources */,
				F5394E0722548C420064AD54 /* NSData+Fragrans.m in Sources */,
				F5394E5722548C760064AD54 /* UITextField+Fragrans.m in Sources */,
				F5394E0E22548C420064AD54 /* NSObject+Fragrans.m in Sources */,
				F5394E5D22548C760064AD54 /* UIScrollView+Fragrans.m in Sources */,
				F5694DA82250A21B00BD4F80 /* FragransDemoController.m in Sources */,
				F5394E2922548C5B0064AD54 /* CALayer+Fragrans.m in Sources */,
				F5394E5422548C760064AD54 /* UIAlertController+Fragrans.m in Sources */,
				F5394D2A2252F6560064AD54 /* FragransDemoView.m in Sources */,
				F55FE15A225CC77C00CE55F6 /* UIProgressView+Fragrans.m in Sources */,
				F5394E0922548C420064AD54 /* NSDictionary+Fragrans.m in Sources */,
				F5394E0C22548C420064AD54 /* UIColor+Fragrans.m in Sources */,
				F5394E5922548C760064AD54 /* UIViewController+Fragrans.m in Sources */,
				F5394E0F22548C420064AD54 /* UIScreen+Fragrans.m in Sources */,
				F5394E5822548C760064AD54 /* UIImageView+Fragrans.m in Sources */,
				F5FAB6AF22003B4E00618786 /* AppDelegate.m in Sources */,
				F5394E5222548C760064AD54 /* UIBarButtonItem+Fragrans.m in Sources */,
				F5394E0A22548C420064AD54 /* NSDate+Fragrans.m in Sources */,
				F5394E0622548C420064AD54 /* NSString+Fragrans.m in Sources */,
				F5394E2622548C5B0064AD54 /* NSURLRequest+Fragrans.m in Sources */,
				F5E21220225D98AC003F364C /* UIActivityIndicatorView+Fragrans.m in Sources */,
				F5394E0B22548C420064AD54 /* NSMutableDictionary+Fragrans.m in Sources */,
				F5394E1322548C420064AD54 /* UIDevice+Fragrans.m in Sources */,
				F5394E1122548C420064AD54 /* NSDateFormatter+Fragrans.m in Sources */,
				F5394E0D22548C420064AD54 /* NSMutableString+Fragrans.m in Sources */,
				F5394E4D22548C760064AD54 /* UISwitch+Fragrans.m in Sources */,
				F55FE154225C6D9200CE55F6 /* UIImagePickerController+Fragrans.m in Sources */,
				F5394E5A22548C760064AD54 /* UICollectionViewCell+Fragrans.m in Sources */,
				F5394E5122548C760064AD54 /* UIButton+Fragrans.m in Sources */,
			);
			runOnlyForDeploymentPostprocessing = 0;
		};
		F5FAB6BE22003B5200618786 /* Sources */ = {
			isa = PBXSourcesBuildPhase;
			buildActionMask = 2147483647;
			files = (
			);
			runOnlyForDeploymentPostprocessing = 0;
		};
		F5FAB6C922003B5200618786 /* Sources */ = {
			isa = PBXSourcesBuildPhase;
			buildActionMask = 2147483647;
			files = (
			);
			runOnlyForDeploymentPostprocessing = 0;
		};
/* End PBXSourcesBuildPhase section */

/* Begin PBXTargetDependency section */
		F5FAB6C422003B5200618786 /* PBXTargetDependency */ = {
			isa = PBXTargetDependency;
			target = F5FAB6A922003B4E00618786 /* Fragrans */;
			targetProxy = F5FAB6C322003B5200618786 /* PBXContainerItemProxy */;
		};
		F5FAB6CF22003B5200618786 /* PBXTargetDependency */ = {
			isa = PBXTargetDependency;
			target = F5FAB6A922003B4E00618786 /* Fragrans */;
			targetProxy = F5FAB6CE22003B5200618786 /* PBXContainerItemProxy */;
		};
/* End PBXTargetDependency section */

/* Begin PBXVariantGroup section */
		F5FAB6B322003B4E00618786 /* Main.storyboard */ = {
			isa = PBXVariantGroup;
			children = (
				F5FAB6B422003B4E00618786 /* Base */,
			);
			name = Main.storyboard;
			sourceTree = "<group>";
		};
/* End PBXVariantGroup section */

/* Begin XCBuildConfiguration section */
		F5FAB6D422003B5200618786 /* Debug */ = {
			isa = XCBuildConfiguration;
			buildSettings = {
				ALWAYS_SEARCH_USER_PATHS = NO;
				CLANG_ANALYZER_NONNULL = YES;
				CLANG_ANALYZER_NUMBER_OBJECT_CONVERSION = YES_AGGRESSIVE;
				CLANG_CXX_LANGUAGE_STANDARD = "gnu++14";
				CLANG_CXX_LIBRARY = "libc++";
				CLANG_ENABLE_MODULES = YES;
				CLANG_ENABLE_OBJC_ARC = YES;
				CLANG_ENABLE_OBJC_WEAK = YES;
				CLANG_WARN_BLOCK_CAPTURE_AUTORELEASING = YES;
				CLANG_WARN_BOOL_CONVERSION = YES;
				CLANG_WARN_COMMA = YES;
				CLANG_WARN_CONSTANT_CONVERSION = YES;
				CLANG_WARN_DEPRECATED_OBJC_IMPLEMENTATIONS = YES;
				CLANG_WARN_DIRECT_OBJC_ISA_USAGE = YES_ERROR;
				CLANG_WARN_DOCUMENTATION_COMMENTS = YES;
				CLANG_WARN_EMPTY_BODY = YES;
				CLANG_WARN_ENUM_CONVERSION = YES;
				CLANG_WARN_INFINITE_RECURSION = YES;
				CLANG_WARN_INT_CONVERSION = YES;
				CLANG_WARN_NON_LITERAL_NULL_CONVERSION = YES;
				CLANG_WARN_OBJC_IMPLICIT_RETAIN_SELF = YES;
				CLANG_WARN_OBJC_LITERAL_CONVERSION = YES;
				CLANG_WARN_OBJC_ROOT_CLASS = YES_ERROR;
				CLANG_WARN_RANGE_LOOP_ANALYSIS = YES;
				CLANG_WARN_STRICT_PROTOTYPES = YES;
				CLANG_WARN_SUSPICIOUS_MOVE = YES;
				CLANG_WARN_UNGUARDED_AVAILABILITY = YES_AGGRESSIVE;
				CLANG_WARN_UNREACHABLE_CODE = YES;
				CLANG_WARN__DUPLICATE_METHOD_MATCH = YES;
				CODE_SIGN_IDENTITY = "iPhone Developer";
				COPY_PHASE_STRIP = NO;
				DEBUG_INFORMATION_FORMAT = dwarf;
				ENABLE_STRICT_OBJC_MSGSEND = YES;
				ENABLE_TESTABILITY = YES;
				GCC_C_LANGUAGE_STANDARD = gnu11;
				GCC_DYNAMIC_NO_PIC = NO;
				GCC_NO_COMMON_BLOCKS = YES;
				GCC_OPTIMIZATION_LEVEL = 0;
				GCC_PREPROCESSOR_DEFINITIONS = (
					"DEBUG=1",
					"$(inherited)",
				);
				GCC_WARN_64_TO_32_BIT_CONVERSION = YES;
				GCC_WARN_ABOUT_RETURN_TYPE = YES_ERROR;
				GCC_WARN_UNDECLARED_SELECTOR = YES;
				GCC_WARN_UNINITIALIZED_AUTOS = YES_AGGRESSIVE;
				GCC_WARN_UNUSED_FUNCTION = YES;
				GCC_WARN_UNUSED_VARIABLE = YES;
				IPHONEOS_DEPLOYMENT_TARGET = 8.0;
				MTL_ENABLE_DEBUG_INFO = INCLUDE_SOURCE;
				MTL_FAST_MATH = YES;
				ONLY_ACTIVE_ARCH = YES;
				SDKROOT = iphoneos;
			};
			name = Debug;
		};
		F5FAB6D522003B5200618786 /* Release */ = {
			isa = XCBuildConfiguration;
			buildSettings = {
				ALWAYS_SEARCH_USER_PATHS = NO;
				CLANG_ANALYZER_NONNULL = YES;
				CLANG_ANALYZER_NUMBER_OBJECT_CONVERSION = YES_AGGRESSIVE;
				CLANG_CXX_LANGUAGE_STANDARD = "gnu++14";
				CLANG_CXX_LIBRARY = "libc++";
				CLANG_ENABLE_MODULES = YES;
				CLANG_ENABLE_OBJC_ARC = YES;
				CLANG_ENABLE_OBJC_WEAK = YES;
				CLANG_WARN_BLOCK_CAPTURE_AUTORELEASING = YES;
				CLANG_WARN_BOOL_CONVERSION = YES;
				CLANG_WARN_COMMA = YES;
				CLANG_WARN_CONSTANT_CONVERSION = YES;
				CLANG_WARN_DEPRECATED_OBJC_IMPLEMENTATIONS = YES;
				CLANG_WARN_DIRECT_OBJC_ISA_USAGE = YES_ERROR;
				CLANG_WARN_DOCUMENTATION_COMMENTS = YES;
				CLANG_WARN_EMPTY_BODY = YES;
				CLANG_WARN_ENUM_CONVERSION = YES;
				CLANG_WARN_INFINITE_RECURSION = YES;
				CLANG_WARN_INT_CONVERSION = YES;
				CLANG_WARN_NON_LITERAL_NULL_CONVERSION = YES;
				CLANG_WARN_OBJC_IMPLICIT_RETAIN_SELF = YES;
				CLANG_WARN_OBJC_LITERAL_CONVERSION = YES;
				CLANG_WARN_OBJC_ROOT_CLASS = YES_ERROR;
				CLANG_WARN_RANGE_LOOP_ANALYSIS = YES;
				CLANG_WARN_STRICT_PROTOTYPES = YES;
				CLANG_WARN_SUSPICIOUS_MOVE = YES;
				CLANG_WARN_UNGUARDED_AVAILABILITY = YES_AGGRESSIVE;
				CLANG_WARN_UNREACHABLE_CODE = YES;
				CLANG_WARN__DUPLICATE_METHOD_MATCH = YES;
				CODE_SIGN_IDENTITY = "iPhone Developer";
				COPY_PHASE_STRIP = NO;
				DEBUG_INFORMATION_FORMAT = "dwarf-with-dsym";
				ENABLE_NS_ASSERTIONS = NO;
				ENABLE_STRICT_OBJC_MSGSEND = YES;
				GCC_C_LANGUAGE_STANDARD = gnu11;
				GCC_NO_COMMON_BLOCKS = YES;
				GCC_WARN_64_TO_32_BIT_CONVERSION = YES;
				GCC_WARN_ABOUT_RETURN_TYPE = YES_ERROR;
				GCC_WARN_UNDECLARED_SELECTOR = YES;
				GCC_WARN_UNINITIALIZED_AUTOS = YES_AGGRESSIVE;
				GCC_WARN_UNUSED_FUNCTION = YES;
				GCC_WARN_UNUSED_VARIABLE = YES;
				IPHONEOS_DEPLOYMENT_TARGET = 8.0;
				MTL_ENABLE_DEBUG_INFO = NO;
				MTL_FAST_MATH = YES;
				SDKROOT = iphoneos;
				VALIDATE_PRODUCT = YES;
			};
			name = Release;
		};
		F5FAB6D722003B5200618786 /* Debug */ = {
			isa = XCBuildConfiguration;
			buildSettings = {
				ASSETCATALOG_COMPILER_APPICON_NAME = AppIcon;
				CODE_SIGN_IDENTITY = "iPhone Developer";
				CODE_SIGN_STYLE = Automatic;
				DEVELOPMENT_TEAM = "";
				GCC_PREFIX_HEADER = "";
				INFOPLIST_FILE = Fragrans/Info.plist;
				IPHONEOS_DEPLOYMENT_TARGET = 8.0;
				LD_RUNPATH_SEARCH_PATHS = (
					"$(inherited)",
					"@executable_path/Frameworks",
				);
				PRODUCT_BUNDLE_IDENTIFIER = qmz.Fragrans;
				PRODUCT_NAME = "$(TARGET_NAME)";
				PROVISIONING_PROFILE_SPECIFIER = "";
				TARGETED_DEVICE_FAMILY = "1,2";
			};
			name = Debug;
		};
		F5FAB6D822003B5200618786 /* Release */ = {
			isa = XCBuildConfiguration;
			buildSettings = {
				ASSETCATALOG_COMPILER_APPICON_NAME = AppIcon;
				CODE_SIGN_IDENTITY = "iPhone Developer";
				CODE_SIGN_STYLE = Automatic;
				DEVELOPMENT_TEAM = "";
				GCC_PREFIX_HEADER = "";
				INFOPLIST_FILE = Fragrans/Info.plist;
				IPHONEOS_DEPLOYMENT_TARGET = 8.0;
				LD_RUNPATH_SEARCH_PATHS = (
					"$(inherited)",
					"@executable_path/Frameworks",
				);
				PRODUCT_BUNDLE_IDENTIFIER = qmz.Fragrans;
				PRODUCT_NAME = "$(TARGET_NAME)";
				PROVISIONING_PROFILE_SPECIFIER = "";
				TARGETED_DEVICE_FAMILY = "1,2";
			};
			name = Release;
		};
		F5FAB6DA22003B5200618786 /* Debug */ = {
			isa = XCBuildConfiguration;
			buildSettings = {
				BUNDLE_LOADER = "$(TEST_HOST)";
				CODE_SIGN_STYLE = Automatic;
				DEVELOPMENT_TEAM = ZKK9Z5ULKZ;
				INFOPLIST_FILE = FragransTests/Info.plist;
				LD_RUNPATH_SEARCH_PATHS = (
					"$(inherited)",
					"@executable_path/Frameworks",
					"@loader_path/Frameworks",
				);
				PRODUCT_BUNDLE_IDENTIFIER = qmz.FragransTests;
				PRODUCT_NAME = "$(TARGET_NAME)";
				TARGETED_DEVICE_FAMILY = "1,2";
				TEST_HOST = "$(BUILT_PRODUCTS_DIR)/Fragrans.app/Fragrans";
			};
			name = Debug;
		};
		F5FAB6DB22003B5200618786 /* Release */ = {
			isa = XCBuildConfiguration;
			buildSettings = {
				BUNDLE_LOADER = "$(TEST_HOST)";
				CODE_SIGN_STYLE = Automatic;
				DEVELOPMENT_TEAM = ZKK9Z5ULKZ;
				INFOPLIST_FILE = FragransTests/Info.plist;
				LD_RUNPATH_SEARCH_PATHS = (
					"$(inherited)",
					"@executable_path/Frameworks",
					"@loader_path/Frameworks",
				);
				PRODUCT_BUNDLE_IDENTIFIER = qmz.FragransTests;
				PRODUCT_NAME = "$(TARGET_NAME)";
				TARGETED_DEVICE_FAMILY = "1,2";
				TEST_HOST = "$(BUILT_PRODUCTS_DIR)/Fragrans.app/Fragrans";
			};
			name = Release;
		};
		F5FAB6DD22003B5200618786 /* Debug */ = {
			isa = XCBuildConfiguration;
			buildSettings = {
				CODE_SIGN_STYLE = Automatic;
				DEVELOPMENT_TEAM = ZKK9Z5ULKZ;
				INFOPLIST_FILE = FragransUITests/Info.plist;
				LD_RUNPATH_SEARCH_PATHS = (
					"$(inherited)",
					"@executable_path/Frameworks",
					"@loader_path/Frameworks",
				);
				PRODUCT_BUNDLE_IDENTIFIER = qmz.FragransUITests;
				PRODUCT_NAME = "$(TARGET_NAME)";
				TARGETED_DEVICE_FAMILY = "1,2";
				TEST_TARGET_NAME = Fragrans;
			};
			name = Debug;
		};
		F5FAB6DE22003B5200618786 /* Release */ = {
			isa = XCBuildConfiguration;
			buildSettings = {
				CODE_SIGN_STYLE = Automatic;
				DEVELOPMENT_TEAM = ZKK9Z5ULKZ;
				INFOPLIST_FILE = FragransUITests/Info.plist;
				LD_RUNPATH_SEARCH_PATHS = (
					"$(inherited)",
					"@executable_path/Frameworks",
					"@loader_path/Frameworks",
				);
				PRODUCT_BUNDLE_IDENTIFIER = qmz.FragransUITests;
				PRODUCT_NAME = "$(TARGET_NAME)";
				TARGETED_DEVICE_FAMILY = "1,2";
				TEST_TARGET_NAME = Fragrans;
			};
			name = Release;
		};
/* End XCBuildConfiguration section */

/* Begin XCConfigurationList section */
		F5FAB6A522003B4E00618786 /* Build configuration list for PBXProject "Fragrans" */ = {
			isa = XCConfigurationList;
			buildConfigurations = (
				F5FAB6D422003B5200618786 /* Debug */,
				F5FAB6D522003B5200618786 /* Release */,
			);
			defaultConfigurationIsVisible = 0;
			defaultConfigurationName = Release;
		};
		F5FAB6D622003B5200618786 /* Build configuration list for PBXNativeTarget "Fragrans" */ = {
			isa = XCConfigurationList;
			buildConfigurations = (
				F5FAB6D722003B5200618786 /* Debug */,
				F5FAB6D822003B5200618786 /* Release */,
			);
			defaultConfigurationIsVisible = 0;
			defaultConfigurationName = Release;
		};
		F5FAB6D922003B5200618786 /* Build configuration list for PBXNativeTarget "FragransTests" */ = {
			isa = XCConfigurationList;
			buildConfigurations = (
				F5FAB6DA22003B5200618786 /* Debug */,
				F5FAB6DB22003B5200618786 /* Release */,
			);
			defaultConfigurationIsVisible = 0;
			defaultConfigurationName = Release;
		};
		F5FAB6DC22003B5200618786 /* Build configuration list for PBXNativeTarget "FragransUITests" */ = {
			isa = XCConfigurationList;
			buildConfigurations = (
				F5FAB6DD22003B5200618786 /* Debug */,
				F5FAB6DE22003B5200618786 /* Release */,
			);
			defaultConfigurationIsVisible = 0;
			defaultConfigurationName = Release;
		};
/* End XCConfigurationList section */
	};
	rootObject = F5FAB6A222003B4E00618786 /* Project object */;
}
